
Microsoft Visual Studio Solution File, Format Version 12.00
# Visual Studio Version 16
VisualStudioVersion = 16.0.31624.102
MinimumVisualStudioVersion = 10.0.40219.1
Project("{9A19103F-16F7-4668-BE54-9A1E7A4F7556}") = "SchleifeUebung1", "SchleifeUebung1\SchleifeUebung1.csproj", "{8343804A-088A-4EA0-B052-21FD55B6E90D}"
EndProject
Project("{9A19103F-16F7-4668-BE54-9A1E7A4F7556}") = "Arrays_Aufgabe1", "Arrays_Aufgabe1\Arrays_Aufgabe1.csproj", "{B75A44F8-F468-4C3B-9646-57BE136A5AAA}"
EndProject
Project("{9A19103F-16F7-4668-BE54-9A1E7A4F7556}") = "2D_Arrays_Aufgaben", "2D_Arrays_Aufgaben\2D_Arrays_Aufgaben.csproj", "{46F40E68-2CBA-491A-90D1-66BCBD29F921}"
EndProject
Project("{9A19103F-16F7-4668-BE54-9A1E7A4F7556}") = "BubbleSystem", "BubbleSystem\BubbleSystem.csproj", "{0C5ECE74-284B-4944-A1E7-D5B7D7AD8AF0}"
EndProject
Project("{9A19103F-16F7-4668-BE54-9A1E7A4F7556}") = "Methoden_Aufgabe", "Methoden_Aufgabe\Methoden_Aufgabe.csproj", "{AB64B42E-AD11-4F3E-811C-0A871B193453}"
EndProject
Project("{2150E333-8FDC-42A3-9474-1A3956D46DE8}") = "Solution Items", "Solution Items", "{FBB5FE41-860D-4439-883C-3008C480BC7B}"
	ProjectSection(SolutionItems) = preProject
		.editorconfig = .editorconfig
	EndProjectSection
EndProject
Project("{FAE04EC0-301F-11D3-BF4B-00C04F79EFBC}") = "Collatz_Problem", "Collatz_Problem\Collatz_Problem.csproj", "{708D41A7-ACCB-41EE-A879-07898CD50C17}"
EndProject
Global
	GlobalSection(SolutionConfigurationPlatforms) = preSolution
		Debug|Any CPU = Debug|Any CPU
		Release|Any CPU = Release|Any CPU
	EndGlobalSection
	GlobalSection(ProjectConfigurationPlatforms) = postSolution
		{8343804A-088A-4EA0-B052-21FD55B6E90D}.Debug|Any CPU.ActiveCfg = Debug|Any CPU
		{8343804A-088A-4EA0-B052-21FD55B6E90D}.Debug|Any CPU.Build.0 = Debug|Any CPU
		{8343804A-088A-4EA0-B052-21FD55B6E90D}.Release|Any CPU.ActiveCfg = Release|Any CPU
		{8343804A-088A-4EA0-B052-21FD55B6E90D}.Release|Any CPU.Build.0 = Release|Any CPU
		{B75A44F8-F468-4C3B-9646-57BE136A5AAA}.Debug|Any CPU.ActiveCfg = Debug|Any CPU
		{B75A44F8-F468-4C3B-9646-57BE136A5AAA}.Debug|Any CPU.Build.0 = Debug|Any CPU
		{B75A44F8-F468-4C3B-9646-57BE136A5AAA}.Release|Any CPU.ActiveCfg = Release|Any CPU
		{B75A44F8-F468-4C3B-9646-57BE136A5AAA}.Release|Any CPU.Build.0 = Release|Any CPU
		{46F40E68-2CBA-491A-90D1-66BCBD29F921}.Debug|Any CPU.ActiveCfg = Debug|Any CPU
		{46F40E68-2CBA-491A-90D1-66BCBD29F921}.Debug|Any CPU.Build.0 = Debug|Any CPU
		{46F40E68-2CBA-491A-90D1-66BCBD29F921}.Release|Any CPU.ActiveCfg = Release|Any CPU
		{46F40E68-2CBA-491A-90D1-66BCBD29F921}.Release|Any CPU.Build.0 = Release|Any CPU
		{0C5ECE74-284B-4944-A1E7-D5B7D7AD8AF0}.Debug|Any CPU.ActiveCfg = Debug|Any CPU
		{0C5ECE74-284B-4944-A1E7-D5B7D7AD8AF0}.Debug|Any CPU.Build.0 = Debug|Any CPU
		{0C5ECE74-284B-4944-A1E7-D5B7D7AD8AF0}.Release|Any CPU.ActiveCfg = Release|Any CPU
		{0C5ECE74-284B-4944-A1E7-D5B7D7AD8AF0}.Release|Any CPU.Build.0 = Release|Any CPU
		{AB64B42E-AD11-4F3E-811C-0A871B193453}.Debug|Any CPU.ActiveCfg = Debug|Any CPU
		{AB64B42E-AD11-4F3E-811C-0A871B193453}.Debug|Any CPU.Build.0 = Debug|Any CPU
		{AB64B42E-AD11-4F3E-811C-0A871B193453}.Release|Any CPU.ActiveCfg = Release|Any CPU
		{AB64B42E-AD11-4F3E-811C-0A871B193453}.Release|Any CPU.Build.0 = Release|Any CPU
		{708D41A7-ACCB-41EE-A879-07898CD50C17}.Debug|Any CPU.ActiveCfg = Debug|Any CPU
		{708D41A7-ACCB-41EE-A879-07898CD50C17}.Debug|Any CPU.Build.0 = Debug|Any CPU
		{708D41A7-ACCB-41EE-A879-07898CD50C17}.Release|Any CPU.ActiveCfg = Release|Any CPU
		{708D41A7-ACCB-41EE-A879-07898CD50C17}.Release|Any CPU.Build.0 = Release|Any CPU
	EndGlobalSection
	GlobalSection(SolutionProperties) = preSolution
		HideSolutionNode = FALSE
	EndGlobalSection
	GlobalSection(ExtensibilityGlobals) = postSolution
		SolutionGuid = {BB21D8C2-1A7E-41A9-A2DA-FB23EFCAEFEC}
	EndGlobalSection
EndGlobal
